{
  "name": "@terra-money/log-finder-ruleset",
  "version": "3.0.1",
  "lockfileVersion": 2,
  "requires": true,
  "packages": {
    "": {
      "name": "@terra-money/log-finder-ruleset",
      "version": "3.0.1",
      "license": "MIT",
      "dependencies": {
        "@terra-money/log-finder": "^1.1.6"
      },
      "devDependencies": {
        "@types/node": "^18.0.4"
      }
    },
    "node_modules/@terra-money/log-finder": {
      "version": "1.1.6",
      "resolved": "https://registry.npmjs.org/@terra-money/log-finder/-/log-finder-1.1.6.tgz",
      "integrity": "sha512-QYmkhlCu14foyy2szZfDjQnncoXvIUHMUsrxdW7Fcq1UOM7ecmeQC35eX5JXeX3tRiPVjFaukbNoIwFYFGTJWg=="
    },
    "node_modules/@types/node": {
      "version": "18.0.4",
      "resolved": "https://registry.npmjs.org/@types/node/-/node-18.0.4.tgz",
      "integrity": "sha512-M0+G6V0Y4YV8cqzHssZpaNCqvYwlCiulmm0PwpNLF55r/+cT8Ol42CHRU1SEaYFH2rTwiiE1aYg/2g2rrtGdPA==",
      "dev": true
    }
  },
  "dependencies": {
    "@terra-money/log-finder": {
      "version": "1.1.6",
      "resolved": "https://registry.npmjs.org/@terra-money/log-finder/-/log-finder-1.1.6.tgz",
      "integrity": "sha512-QYmkhlCu14foyy2szZfDjQnncoXvIUHMUsrxdW7Fcq1UOM7ecmeQC35eX5JXeX3tRiPVjFaukbNoIwFYFGTJWg=="
    },
    "@types/node": {
      "version": "18.0.4",
      "resolved": "https://registry.npmjs.org/@types/node/-/node-18.0.4.tgz",
      "integrity": "sha512-M0+G6V0Y4YV8cqzHssZpaNCqvYwlCiulmm0PwpNLF55r/+cT8Ol42CHRU1SEaYFH2rTwiiE1aYg/2g2rrtGdPA==",
      "dev": true
    }
  }
}
